Microsoft Visual Studio Solution File, Format Version 12.00
# Visual Studio Version 17
VisualStudioVersion = 17.5.2.0
MinimumVisualStudioVersion = 10.0.40219.1
Project("{FAE04EC0-301F-11D3-BF4B-00C04F79EFBC}") = "Erpclinic", "Erpclinic.csproj", "{0D03840E-7849-D629-A4C3-8AB60AEA2CF2}"
EndProject
Global
	GlobalSection(SolutionConfigurationPlatforms) = preSolution
		Debug|Any CPU = Debug|Any CPU
		Release|Any CPU = Release|Any CPU
	EndGlobalSection
	GlobalSection(ProjectConfigurationPlatforms) = postSolution
		{0D03840E-7849-D629-A4C3-8AB60AEA2CF2}.Debug|Any CPU.ActiveCfg = Debug|Any CPU
		{0D03840E-7849-D629-A4C3-8AB60AEA2CF2}.Debug|Any CPU.Build.0 = Debug|Any CPU
		{0D03840E-7849-D629-A4C3-8AB60AEA2CF2}.Release|Any CPU.ActiveCfg = Release|Any CPU
		{0D03840E-7849-D629-A4C3-8AB60AEA2CF2}.Release|Any CPU.Build.0 = Release|Any CPU
	EndGlobalSection
	GlobalSection(SolutionProperties) = preSolution
		HideSolutionNode = FALSE
	EndGlobalSection
	GlobalSection(ExtensibilityGlobals) = postSolution
		SolutionGuid = {916A15E5-9165-4238-A0DC-EA256A6FBBF1}
	EndGlobalSection
EndGlobal
